
Microsoft Visual Studio Solution File, Format Version 12.00
# Visual Studio Version 17
VisualStudioVersion = 17.7.34024.191
MinimumVisualStudioVersion = 10.0.40219.1
Project("{FAE04EC0-301F-11D3-BF4B-00C04F79EFBC}") = "GameZone", "GameZone\GameZone.csproj", "{6F1B93BD-ECC7-4966-BD0F-F900A6CE2359}"
EndProject
Global
	GlobalSection(SolutionConfigurationPlatforms) = preSolution
		Debug|Any CPU = Debug|Any CPU
		Release|Any CPU = Release|Any CPU
	EndGlobalSection
	GlobalSection(ProjectConfigurationPlatforms) = postSolution
		{6F1B93BD-ECC7-4966-BD0F-F900A6CE2359}.Debug|Any CPU.ActiveCfg = Debug|Any CPU
		{6F1B93BD-ECC7-4966-BD0F-F900A6CE2359}.Debug|Any CPU.Build.0 = Debug|Any CPU
		{6F1B93BD-ECC7-4966-BD0F-F900A6CE2359}.Release|Any CPU.ActiveCfg = Release|Any CPU
		{6F1B93BD-ECC7-4966-BD0F-F900A6CE2359}.Release|Any CPU.Build.0 = Release|Any CPU
	EndGlobalSection
	GlobalSection(SolutionProperties) = preSolution
		HideSolutionNode = FALSE
	EndGlobalSection
	GlobalSection(ExtensibilityGlobals) = postSolution
		SolutionGuid = {F7450481-4F9B-41E4-8611-FC8A14C5C420}
	EndGlobalSection
EndGlobal
